
Microsoft Visual Studio Solution File, Format Version 12.00
# Visual Studio Version 17
VisualStudioVersion = 17.14.36518.9 d17.14
MinimumVisualStudioVersion = 10.0.40219.1
Project("{FAE04EC0-301F-11D3-BF4B-00C04F79EFBC}") = "ArrayProject", "ArrayProject\ArrayProject.csproj", "{ED15C206-7569-4F52-AA09-94EA5F6628EB}"
EndProject
Global
	GlobalSection(SolutionConfigurationPlatforms) = preSolution
		Debug|Any CPU = Debug|Any CPU
		Release|Any CPU = Release|Any CPU
	EndGlobalSection
	GlobalSection(ProjectConfigurationPlatforms) = postSolution
		{ED15C206-7569-4F52-AA09-94EA5F6628EB}.Debug|Any CPU.ActiveCfg = Debug|Any CPU
		{ED15C206-7569-4F52-AA09-94EA5F6628EB}.Debug|Any CPU.Build.0 = Debug|Any CPU
		{ED15C206-7569-4F52-AA09-94EA5F6628EB}.Release|Any CPU.ActiveCfg = Release|Any CPU
		{ED15C206-7569-4F52-AA09-94EA5F6628EB}.Release|Any CPU.Build.0 = Release|Any CPU
	EndGlobalSection
	GlobalSection(SolutionProperties) = preSolution
		HideSolutionNode = FALSE
	EndGlobalSection
	GlobalSection(ExtensibilityGlobals) = postSolution
		SolutionGuid = {5EBBFCB8-319E-4F4D-943E-516808E6A6F8}
	EndGlobalSection
EndGlobal
