
Microsoft Visual Studio Solution File, Format Version 12.00
# Visual Studio Version 17
VisualStudioVersion = 17.14.36518.9 d17.14
MinimumVisualStudioVersion = 10.0.40219.1
Project("{FAE04EC0-301F-11D3-BF4B-00C04F79EFBC}") = "laba8", "laba8\laba8.csproj", "{1B727AAF-1702-409C-94AA-A41B857B43F6}"
EndProject
Global
	GlobalSection(SolutionConfigurationPlatforms) = preSolution
		Debug|Any CPU = Debug|Any CPU
		Release|Any CPU = Release|Any CPU
	EndGlobalSection
	GlobalSection(ProjectConfigurationPlatforms) = postSolution
		{1B727AAF-1702-409C-94AA-A41B857B43F6}.Debug|Any CPU.ActiveCfg = Debug|Any CPU
		{1B727AAF-1702-409C-94AA-A41B857B43F6}.Debug|Any CPU.Build.0 = Debug|Any CPU
		{1B727AAF-1702-409C-94AA-A41B857B43F6}.Release|Any CPU.ActiveCfg = Release|Any CPU
		{1B727AAF-1702-409C-94AA-A41B857B43F6}.Release|Any CPU.Build.0 = Release|Any CPU
	EndGlobalSection
	GlobalSection(SolutionProperties) = preSolution
		HideSolutionNode = FALSE
	EndGlobalSection
	GlobalSection(ExtensibilityGlobals) = postSolution
		SolutionGuid = {90DBA9A5-E980-4B57-ADFF-15D5D1F75A15}
	EndGlobalSection
EndGlobal
