
Microsoft Visual Studio Solution File, Format Version 12.00
# Visual Studio Version 17
VisualStudioVersion = 17.14.36804.6 d17.14
MinimumVisualStudioVersion = 10.0.40219.1
Project("{FAE04EC0-301F-11D3-BF4B-00C04F79EFBC}") = "laba4", "laba4.csproj", "{4ECC9D96-C5B5-475D-92C4-E13A47AA7518}"
EndProject
Project("{FAE04EC0-301F-11D3-BF4B-00C04F79EFBC}") = "test", "..\test\test.csproj", "{254E6324-3891-4390-BDFF-A2FE5AAF684E}"
EndProject
Global
	GlobalSection(SolutionConfigurationPlatforms) = preSolution
		Debug|Any CPU = Debug|Any CPU
		Release|Any CPU = Release|Any CPU
	EndGlobalSection
	GlobalSection(ProjectConfigurationPlatforms) = postSolution
		{4ECC9D96-C5B5-475D-92C4-E13A47AA7518}.Debug|Any CPU.ActiveCfg = Debug|Any CPU
		{4ECC9D96-C5B5-475D-92C4-E13A47AA7518}.Debug|Any CPU.Build.0 = Debug|Any CPU
		{4ECC9D96-C5B5-475D-92C4-E13A47AA7518}.Release|Any CPU.ActiveCfg = Release|Any CPU
		{4ECC9D96-C5B5-475D-92C4-E13A47AA7518}.Release|Any CPU.Build.0 = Release|Any CPU
		{254E6324-3891-4390-BDFF-A2FE5AAF684E}.Debug|Any CPU.ActiveCfg = Debug|Any CPU
		{254E6324-3891-4390-BDFF-A2FE5AAF684E}.Debug|Any CPU.Build.0 = Debug|Any CPU
		{254E6324-3891-4390-BDFF-A2FE5AAF684E}.Release|Any CPU.ActiveCfg = Release|Any CPU
		{254E6324-3891-4390-BDFF-A2FE5AAF684E}.Release|Any CPU.Build.0 = Release|Any CPU
	EndGlobalSection
	GlobalSection(SolutionProperties) = preSolution
		HideSolutionNode = FALSE
	EndGlobalSection
	GlobalSection(ExtensibilityGlobals) = postSolution
		SolutionGuid = {F4FB57FD-F48B-4A31-9DD4-0A7F1F3EBC55}
	EndGlobalSection
EndGlobal
