
Microsoft Visual Studio Solution File, Format Version 12.00
# Visual Studio Version 17
VisualStudioVersion = 17.14.36518.9 d17.14
MinimumVisualStudioVersion = 10.0.40219.1
Project("{FAE04EC0-301F-11D3-BF4B-00C04F79EFBC}") = "7vaba", "Forms\Forms 3.3\7vaba_2\7vaba.csproj", "{C0241EEA-0795-45D5-826B-21E42FDF9D9D}"
EndProject
Global
	GlobalSection(SolutionConfigurationPlatforms) = preSolution
		Debug|Any CPU = Debug|Any CPU
		Release|Any CPU = Release|Any CPU
	EndGlobalSection
	GlobalSection(ProjectConfigurationPlatforms) = postSolution
		{C0241EEA-0795-45D5-826B-21E42FDF9D9D}.Debug|Any CPU.ActiveCfg = Debug|Any CPU
		{C0241EEA-0795-45D5-826B-21E42FDF9D9D}.Debug|Any CPU.Build.0 = Debug|Any CPU
		{C0241EEA-0795-45D5-826B-21E42FDF9D9D}.Release|Any CPU.ActiveCfg = Release|Any CPU
		{C0241EEA-0795-45D5-826B-21E42FDF9D9D}.Release|Any CPU.Build.0 = Release|Any CPU
	EndGlobalSection
	GlobalSection(SolutionProperties) = preSolution
		HideSolutionNode = FALSE
	EndGlobalSection
	GlobalSection(ExtensibilityGlobals) = postSolution
		SolutionGuid = {C9715016-2C84-4DC4-A0CB-0A63228B74E1}
	EndGlobalSection
EndGlobal
