
Microsoft Visual Studio Solution File, Format Version 12.00
# Visual Studio Version 17
VisualStudioVersion = 17.14.36518.9
MinimumVisualStudioVersion = 10.0.40219.1
Project("{FAE04EC0-301F-11D3-BF4B-00C04F79EFBC}") = "11", "11.csproj", "{FD71308A-F3BD-4DD1-AC4E-2B0F63B60FC1}"
EndProject
Project("{FAE04EC0-301F-11D3-BF4B-00C04F79EFBC}") = "ArrayProject", "..\ArrayProject\ArrayProject.csproj", "{1F6D27B0-D0FB-499C-870F-E0C145FEC2A0}"
EndProject
Project("{FAE04EC0-301F-11D3-BF4B-00C04F79EFBC}") = "UnitTestProject1", "..\UnitTestProject1\UnitTestProject1.csproj", "{23562357-CF46-4B88-9477-B188E1428C86}"
EndProject
Global
	GlobalSection(SolutionConfigurationPlatforms) = preSolution
		Debug|Any CPU = Debug|Any CPU
		Release|Any CPU = Release|Any CPU
	EndGlobalSection
	GlobalSection(ProjectConfigurationPlatforms) = postSolution
		{FD71308A-F3BD-4DD1-AC4E-2B0F63B60FC1}.Debug|Any CPU.ActiveCfg = Debug|Any CPU
		{FD71308A-F3BD-4DD1-AC4E-2B0F63B60FC1}.Debug|Any CPU.Build.0 = Debug|Any CPU
		{FD71308A-F3BD-4DD1-AC4E-2B0F63B60FC1}.Release|Any CPU.ActiveCfg = Release|Any CPU
		{FD71308A-F3BD-4DD1-AC4E-2B0F63B60FC1}.Release|Any CPU.Build.0 = Release|Any CPU
		{1F6D27B0-D0FB-499C-870F-E0C145FEC2A0}.Debug|Any CPU.ActiveCfg = Debug|Any CPU
		{1F6D27B0-D0FB-499C-870F-E0C145FEC2A0}.Debug|Any CPU.Build.0 = Debug|Any CPU
		{1F6D27B0-D0FB-499C-870F-E0C145FEC2A0}.Release|Any CPU.ActiveCfg = Release|Any CPU
		{1F6D27B0-D0FB-499C-870F-E0C145FEC2A0}.Release|Any CPU.Build.0 = Release|Any CPU
		{23562357-CF46-4B88-9477-B188E1428C86}.Debug|Any CPU.ActiveCfg = Debug|Any CPU
		{23562357-CF46-4B88-9477-B188E1428C86}.Debug|Any CPU.Build.0 = Debug|Any CPU
		{23562357-CF46-4B88-9477-B188E1428C86}.Release|Any CPU.ActiveCfg = Release|Any CPU
		{23562357-CF46-4B88-9477-B188E1428C86}.Release|Any CPU.Build.0 = Release|Any CPU
	EndGlobalSection
	GlobalSection(SolutionProperties) = preSolution
		HideSolutionNode = FALSE
	EndGlobalSection
	GlobalSection(ExtensibilityGlobals) = postSolution
		SolutionGuid = {117FE61D-561A-489F-9964-7D19C45C5FF0}
	EndGlobalSection
EndGlobal
